{
  "name": "mapbox",
  "version": "1.0.0",
  "lockfileVersion": 1,
  "requires": true,
  "dependencies": {
    "@tmcw/togeojson": {
      "version": "4.2.0",
      "resolved": "https://registry.npmjs.org/@tmcw/togeojson/-/togeojson-4.2.0.tgz",
      "integrity": "sha512-kjUJemmidx4SS9QT4P5nUkS6s9IE0xpqwaWcnDd7q0McFhfRiAHJMEVarxcFXecvZAIyPt9+974NfOGr7/cKfg=="
    },
    "@types/tinycolor2": {
      "version": "1.4.2",
      "resolved": "https://registry.npmjs.org/@types/tinycolor2/-/tinycolor2-1.4.2.tgz",
      "integrity": "sha512-PeHg/AtdW6aaIO2a+98Xj7rWY4KC1E6yOy7AFknJQ7VXUGNrMlyxDFxJo7HqLtjQms/ZhhQX52mLVW/EX3JGOw=="
    },
    "dayjs": {
      "version": "1.10.4",
      "resolved": "https://registry.npmjs.org/dayjs/-/dayjs-1.10.4.tgz",
      "integrity": "sha512-RI/Hh4kqRc1UKLOAf/T5zdMMX5DQIlDxwUe3wSyMMnEbGunnpENCdbUgM+dW7kXidZqCttBrmw7BhN4TMddkCw=="
    },
    "geolib": {
      "version": "3.3.1",
      "resolved": "https://registry.npmjs.org/geolib/-/geolib-3.3.1.tgz",
      "integrity": "sha512-sfahBXFcgELdpumDZV5b3KWiINkZxC5myAkLk067UUcTmTXaiE9SWmxMEHztn/Eus4JX6kesHxaIuZlniYgUtg=="
    },
    "moment": {
      "version": "2.29.1",
      "resolved": "https://registry.npmjs.org/moment/-/moment-2.29.1.tgz",
      "integrity": "sha512-kHmoybcPV8Sqy59DwNDY3Jefr64lK/by/da0ViFcuA4DH0vQg5Q6Ze5VimxkfQNSC+Mls/Kx53s7TjP1RhFEDQ=="
    },
    "timediff": {
      "version": "1.1.1",
      "resolved": "https://registry.npmjs.org/timediff/-/timediff-1.1.1.tgz",
      "integrity": "sha1-ZkN6+bCUAicR596FDssAqfNAfTg=",
      "requires": {
        "moment": "^2.9.0"
      }
    },
    "tinycolor2": {
      "version": "1.4.2",
      "resolved": "https://registry.npmjs.org/tinycolor2/-/tinycolor2-1.4.2.tgz",
      "integrity": "sha512-vJhccZPs965sV/L2sU4oRQVAos0pQXwsvTLkWYdqJ+a8Q5kPFzJTuOFwy7UniPli44NKQGAglksjvOcpo95aZA=="
    },
    "tinygradient": {
      "version": "1.1.2",
      "resolved": "https://registry.npmjs.org/tinygradient/-/tinygradient-1.1.2.tgz",
      "integrity": "sha512-yIwbBfJOOHW3whamF00ZcxGWY794GNsAGjaCkDQJJNufXAcfUwbQwrVjwV1BKqArXFVg+JgMoECXFn/jfqSWsg==",
      "requires": {
        "@types/tinycolor2": "^1.4.0",
        "tinycolor2": "^1.0.0"
      }
    }
  }
}
